// !$*UTF8*$!
{
	archiveVersion = 1;
	classes = {
	};
	objectVersion = 46;
	objects = {

/* Begin PBXAggregateTarget section */
		366FF180B026FBD5863CF0DB /* JCBReverbST - All */ = {
			isa = PBXAggregateTarget;
			buildConfigurationList = 8DF2BBFACA350EBEC78879F5;
			buildPhases = (
			);
			dependencies = (
				69EBBD04A6708F2F2F45EECA,
				E951119AC43989C8B38B84B5,
				0A39E7F63019E2DE4873206F,
				69EA949105B71BD2886B92FC,
			);
			name = "JCBReverbST - All";
			productName = JCBReverbST;
		};
/* End PBXAggregateTarget section */

/* Begin PBXBuildFile section */
		01CF89CE7555B9A499207986 /* include_juce_graphics.mm */ = {isa = PBXBuildFile; fileRef = D91BB836D73D0BD28A72B299; };
		0436202D19DFF9BDDFDFBB96 /* CoreMIDI.framework */ = {isa = PBXBuildFile; fileRef = 62E7BF2C2850701A63E1EECB; };
		0613F9B8EFA5C61CE1572724 /* include_juce_audio_plugin_client_AU_2.mm */ = {isa = PBXBuildFile; fileRef = 2735B88166991FD54CBB7BEC; };
		0675FFFDA52F200A8BC60B45 /* include_juce_audio_plugin_client_AU.r */ = {isa = PBXBuildFile; fileRef = 266E594267201C6DDF91B28A; };
		0B38D074B43E80A21006E155 /* json.c */ = {isa = PBXBuildFile; fileRef = 25A5057F9A9C9FAC5C8B4002; };
		14B052226A4A3629735F04ED /* AVFoundation.framework */ = {isa = PBXBuildFile; fileRef = 1F20FDCB7A7C84AE131314B1; };
		1D449D9EB74F76CE904BE2DC /* AudioUnit.framework */ = {isa = PBXBuildFile; fileRef = E69CBA5FE1F8FBDF51B7087B; };
		1E4ED5CAB305570C498524E3 /* AAX */ = {isa = PBXBuildFile; fileRef = 0C90558E59020D6C349E8D6B; };
		259C581AB224C7175C790F44 /* Shared Code */ = {isa = PBXBuildFile; fileRef = 81FD589DEEFEDD70043F950A; };
		2B06C726FCA005AA14A8BE81 /* include_juce_audio_processors.mm */ = {isa = PBXBuildFile; fileRef = CC284027AA16C35CF4B999E6; };
		2BBB77669293E1484F673786 /* Accelerate.framework */ = {isa = PBXBuildFile; fileRef = 907B2366FD58472189D8D2A7; };
		2C2DB540858B959222792E85 /* Foundation.framework */ = {isa = PBXBuildFile; fileRef = DDEC94C046D2820BCBF93162; };
		2E003B6D4986851116E259C2 /* include_juce_data_structures.mm */ = {isa = PBXBuildFile; fileRef = 6E55D6E70E97D6FAE5132593; };
		31154CF01EB66DFA69FAEA65 /* include_juce_audio_plugin_client_utils.cpp */ = {isa = PBXBuildFile; fileRef = 35E7D352187BFC930E7573C9; };
		31F1E05C4E0E1D95CEEEC815 /* VST3 */ = {isa = PBXBuildFile; fileRef = ADB96263C74C1D36F1D6ACF4; };
		33BFDE5A485FF2DFF5DA5377 /* CoreAudio.framework */ = {isa = PBXBuildFile; fileRef = 4F7497EBBF87A3A921FF0008; };
		3432930231C395B0134CB0FB /* CoreMedia.framework */ = {isa = PBXBuildFile; fileRef = A4BBB52C258C0C66C1818DDD; };
		3481D179CBAA183809FF3B3A /* PluginProcessor.cpp */ = {isa = PBXBuildFile; fileRef = F38A230AAC70AFC16B834050; };
		377456337E857027344F859D /* include_juce_audio_plugin_client_VST3.cpp */ = {isa = PBXBuildFile; fileRef = 9847DBC03EA03DA3D375C910; };
		37A3B39ED3B5AE0ED2FEBB79 /* AudioToolbox.framework */ = {isa = PBXBuildFile; fileRef = 3B09EF05876B1EED49B30456; };
		38A2F5C2994F33099B8B58DA /* include_juce_audio_devices.mm */ = {isa = PBXBuildFile; fileRef = 2FBC6E65AB628F7623A92C2E; };
		43AD236B8CC33F22BA3EDBB4 /* include_juce_core.mm */ = {isa = PBXBuildFile; fileRef = 1501462AC105DB9019047DB4; };
		4632F38931BA7C4C3925E4F9 /* AVKit.framework */ = {isa = PBXBuildFile; fileRef = B9372B14BD6CE4DB81D3B4F3; };
		4AE798F984509E1C3E116D63 /* include_juce_video.mm */ = {isa = PBXBuildFile; fileRef = 83D1A27418F9E1E36A05F7DC; };
		5C2549B0F5E3104E4B6BA9AF /* json_builder.c */ = {isa = PBXBuildFile; fileRef = 6A38F141911742C801AE1122; };
		75A096F973644F6747797F47 /* DiscRecording.framework */ = {isa = PBXBuildFile; fileRef = 2EA39DE19CAFED1101F3054B; };
		7EAEC73FBB054DE34D80F533 /* include_juce_audio_utils.mm */ = {isa = PBXBuildFile; fileRef = B8BE861C3B4AE1100B54599E; };
		7F75CBC6CF2E769E816FB656 /* include_juce_audio_plugin_client_AAX.mm */ = {isa = PBXBuildFile; fileRef = 8AD81CA995642F817E45CD4E; };
		8143AB85EDB5F94A184BA151 /* CoreAudioKit.framework */ = {isa = PBXBuildFile; fileRef = B5DC2127A7B6C47DBB174165; };
		84153098A726CBD9AB434CC8 /* RecentFilesMenuTemplate.nib */ = {isa = PBXBuildFile; fileRef = 96C2153A0D249BB768F5207E; };
		8BD92A0084E517745B74B8CE /* QuartzCore.framework */ = {isa = PBXBuildFile; fileRef = E4304767A2AD0F0D61458FBB; };
		913B5546156EBEAA62CFAE3D /* include_juce_gui_basics.mm */ = {isa = PBXBuildFile; fileRef = 7E9228E27386B6B6A89130F6; };
		923949BBA63C1FCF8ECFDD05 /* OpenGL.framework */ = {isa = PBXBuildFile; fileRef = AF0207AD486A80EA46D8D5CE; };
		9DAD49AC9BAF9EF05C95C029 /* include_juce_audio_basics.mm */ = {isa = PBXBuildFile; fileRef = 92D10B3D11E437C6E2C01006; };
		9FB24B29E6AC6D90ECE33D24 /* include_juce_gui_extra.mm */ = {isa = PBXBuildFile; fileRef = 25EA3A3F0A9E183E0F7A496C; };
		A1588F9D10C27BDE89D8DBE0 /* include_juce_audio_plugin_client_AU_1.mm */ = {isa = PBXBuildFile; fileRef = 579C9CDDC6B02847FD6E4D3C; };
		A201BB64C591F6E5D19A9F96 /* Carbon.framework */ = {isa = PBXBuildFile; fileRef = AD014CE74D94AEFBBDF9D47B; };
		A2EBA5C26FDD301F18268852 /* JC_GENPLUGIN.cpp */ = {isa = PBXBuildFile; fileRef = 0D313220CB391A060CFCA52C; };
		A5D292145BFD4624E293FC21 /* AU */ = {isa = PBXBuildFile; fileRef = F0AB1FC9C67542DCB9AFF44C; };
		B3C156E19101F3655D47447B /* genlib.cpp */ = {isa = PBXBuildFile; fileRef = 6E266FD559908665C54668D4; };
		B9F10E141F4579522746F80D /* include_juce_audio_formats.mm */ = {isa = PBXBuildFile; fileRef = FEC4CA2A5C12F8B483981475; };
		BB82F2DA635FDA3C172190F0 /* include_juce_opengl.mm */ = {isa = PBXBuildFile; fileRef = DF04407ECD1E46D379489CFD; };
		C2AB70EFCAF351E8EC2BD6B2 /* include_juce_audio_plugin_client_VST_utils.mm */ = {isa = PBXBuildFile; fileRef = 6CCE99F34C8511AD4F0813F9; };
		C5216BE2AFF9DADBBF2BB9CA /* BinaryData.cpp */ = {isa = PBXBuildFile; fileRef = 24FC284927856804F2A3FB6F; };
		CB5C1B099F18B06D8C13AFA0 /* include_juce_events.mm */ = {isa = PBXBuildFile; fileRef = F1685220648F7BED52369495; };
		D2DB4DCBCD8102CE684A4CC5 /* PluginEditor.cpp */ = {isa = PBXBuildFile; fileRef = F4A34C3E403ECB5D72715DA5; };
		E13CC931BEADF29CEDF28407 /* Cocoa.framework */ = {isa = PBXBuildFile; fileRef = CE624EC3792FE048F3FF4DF7; };
		E360B63D54B37A6C3F27B379 /* include_juce_dsp.mm */ = {isa = PBXBuildFile; fileRef = 761B2135703FE4B335F7B37A; };
		EF8249A5F077356D83F1564B /* IOKit.framework */ = {isa = PBXBuildFile; fileRef = 2C3837CF2631E170522DDFEC; };
		F55E1516AA4B042D8BAA3FC7 /* include_juce_cryptography.mm */ = {isa = PBXBuildFile; fileRef = FC0D511F33A9E4F5B727D325; };
		FABFA3B124C20941DFC78E32 /* WebKit.framework */ = {isa = PBXBuildFile; fileRef = 552C7A526A99DF4A196D7D48; };
/* End PBXBuildFile section */

/* Begin PBXFileReference section */
		00F20978C48EBA636B4E3076 /* azul.jpg */ /* azul.jpg */ = {isa = PBXFileReference; lastKnownFileType = image.jpeg; name = azul.jpg; path = ../../Assets/azul.jpg; sourceTree = SOURCE_ROOT; };
		0C90558E59020D6C349E8D6B /* AAX */ = {isa = PBXFileReference; explicitFileType = wrapper.cfbundle; includeInIndex = 0; path = JCBReverbST.aaxplugin; sourceTree = BUILT_PRODUCTS_DIR; };
		0D313220CB391A060CFCA52C /* JC_GENPLUGIN.cpp */ /* JC_GENPLUGIN.cpp */ = {isa = PBXFileReference; lastKnownFileType = sourcecode.cpp.cpp; name = JC_GENPLUGIN.cpp; path = "../../exported-code/JC_GENPLUGIN.cpp"; sourceTree = SOURCE_ROOT; };
		107E87CC41458AB51808E7A6 /* verde.jpg */ /* verde.jpg */ = {isa = PBXFileReference; lastKnownFileType = image.jpeg; name = verde.jpg; path = ../../Assets/verde.jpg; sourceTree = SOURCE_ROOT; };
		1408C094DB1BB2FD33E9FFC5 /* juce_gui_extra */ /* juce_gui_extra */ = {isa = PBXFileReference; lastKnownFileType = folder; name = juce_gui_extra; path = /Users/jcba/JUCE/modules/juce_gui_extra; sourceTree = "<absolute>"; };
		1501462AC105DB9019047DB4 /* include_juce_core.mm */ /* include_juce_core.mm */ = {isa = PBXFileReference; lastKnownFileType = sourcecode.cpp.objcpp; name = include_juce_core.mm; path = ../../JuceLibraryCode/include_juce_core.mm; sourceTree = SOURCE_ROOT; };
		1F20FDCB7A7C84AE131314B1 /* AVFoundation.framework */ /* AVFoundation.framework */ = {isa = PBXFileReference; lastKnownFileType = wrapper.framework; name = AVFoundation.framework; path = System/Library/Frameworks/AVFoundation.framework; sourceTree = SDKROOT; };
		20256DE73081A1030A48A4C6 /* fondo_2800_800.png */ /* fondo_2800_800.png */ = {isa = PBXFileReference; lastKnownFileType = image.png; name = fondo_2800_800.png; path = ../../Assets/fondo_2800_800.png; sourceTree = SOURCE_ROOT; };
		22BC1994B8CFE7EEE65BDCF4 /* genlib.h */ /* genlib.h */ = {isa = PBXFileReference; lastKnownFileType = sourcecode.c.h; name = genlib.h; path = "../../exported-code/gen_dsp/genlib.h"; sourceTree = SOURCE_ROOT; };
		24FC284927856804F2A3FB6F /* BinaryData.cpp */ /* BinaryData.cpp */ = {isa = PBXFileReference; lastKnownFileType = sourcecode.cpp.cpp; name = BinaryData.cpp; path = ../../JuceLibraryCode/BinaryData.cpp; sourceTree = SOURCE_ROOT; };
		25A5057F9A9C9FAC5C8B4002 /* json.c */ /* json.c */ = {isa = PBXFileReference; lastKnownFileType = sourcecode.c.c; name = json.c; path = "../../exported-code/gen_dsp/json.c"; sourceTree = SOURCE_ROOT; };
		25EA3A3F0A9E183E0F7A496C /* include_juce_gui_extra.mm */ /* include_juce_gui_extra.mm */ = {isa = PBXFileReference; lastKnownFileType = sourcecode.cpp.objcpp; name = include_juce_gui_extra.mm; path = ../../JuceLibraryCode/include_juce_gui_extra.mm; sourceTree = SOURCE_ROOT; };
		266E594267201C6DDF91B28A /* include_juce_audio_plugin_client_AU.r */ /* include_juce_audio_plugin_client_AU.r */ = {isa = PBXFileReference; lastKnownFileType = file.r; name = include_juce_audio_plugin_client_AU.r; path = ../../JuceLibraryCode/include_juce_audio_plugin_client_AU.r; sourceTree = SOURCE_ROOT; };
		2735B88166991FD54CBB7BEC /* include_juce_audio_plugin_client_AU_2.mm */ /* include_juce_audio_plugin_client_AU_2.mm */ = {isa = PBXFileReference; lastKnownFileType = sourcecode.cpp.objcpp; name = include_juce_audio_plugin_client_AU_2.mm; path = ../../JuceLibraryCode/include_juce_audio_plugin_client_AU_2.mm; sourceTree = SOURCE_ROOT; };
		2B8DCCADA5D7CA1281259E9D /* JuceHeader.h */ /* JuceHeader.h */ = {isa = PBXFileReference; lastKnownFileType = sourcecode.c.h; name = JuceHeader.h; path = ../../JuceLibraryCode/JuceHeader.h; sourceTree = SOURCE_ROOT; };
		2C3837CF2631E170522DDFEC /* IOKit.framework */ /* IOKit.framework */ = {isa = PBXFileReference; lastKnownFileType = wrapper.framework; name = IOKit.framework; path = System/Library/Frameworks/IOKit.framework; sourceTree = SDKROOT; };
		2C6CEC01BCCD5C5322E0B09E /* Info-AU.plist */ /* Info-AU.plist */ = {isa = PBXFileReference; lastKnownFileType = text.plist.xml; name = "Info-AU.plist"; path = "Info-AU.plist"; sourceTree = SOURCE_ROOT; };
		2EA39DE19CAFED1101F3054B /* DiscRecording.framework */ /* DiscRecording.framework */ = {isa = PBXFileReference; lastKnownFileType = wrapper.framework; name = DiscRecording.framework; path = System/Library/Frameworks/DiscRecording.framework; sourceTree = SDKROOT; };
		2FBC6E65AB628F7623A92C2E /* include_juce_audio_devices.mm */ /* include_juce_audio_devices.mm */ = {isa = PBXFileReference; lastKnownFileType = sourcecode.cpp.objcpp; name = include_juce_audio_devices.mm; path = ../../JuceLibraryCode/include_juce_audio_devices.mm; sourceTree = SOURCE_ROOT; };
		2FCCF185A8EBFD8E2A0F71B2 /* PluginProcessor.h */ /* PluginProcessor.h */ = {isa = PBXFileReference; lastKnownFileType = sourcecode.c.h; name = PluginProcessor.h; path = ../../Source/PluginProcessor.h; sourceTree = SOURCE_ROOT; };
		35E7D352187BFC930E7573C9 /* include_juce_audio_plugin_client_utils.cpp */ /* include_juce_audio_plugin_client_utils.cpp */ = {isa = PBXFileReference; lastKnownFileType = sourcecode.cpp.cpp; name = include_juce_audio_plugin_client_utils.cpp; path = ../../JuceLibraryCode/include_juce_audio_plugin_client_utils.cpp; sourceTree = SOURCE_ROOT; };
		38A06CD34F6BDBCC06156D7E /* Info-VST3.plist */ /* Info-VST3.plist */ = {isa = PBXFileReference; lastKnownFileType = text.plist.xml; name = "Info-VST3.plist"; path = "Info-VST3.plist"; sourceTree = SOURCE_ROOT; };
		3B09EF05876B1EED49B30456 /* AudioToolbox.framework */ /* AudioToolbox.framework */ = {isa = PBXFileReference; lastKnownFileType = wrapper.framework; name = AudioToolbox.framework; path = System/Library/Frameworks/AudioToolbox.framework; sourceTree = SDKROOT; };
		47A4A5F50BA1418BB8630ECF /* json_builder.h */ /* json_builder.h */ = {isa = PBXFileReference; lastKnownFileType = sourcecode.c.h; name = json_builder.h; path = "../../exported-code/gen_dsp/json_builder.h"; sourceTree = SOURCE_ROOT; };
		4F7497EBBF87A3A921FF0008 /* CoreAudio.framework */ /* CoreAudio.framework */ = {isa = PBXFileReference; lastKnownFileType = wrapper.framework; name = CoreAudio.framework; path = System/Library/Frameworks/CoreAudio.framework; sourceTree = SDKROOT; };
		552C7A526A99DF4A196D7D48 /* WebKit.framework */ /* WebKit.framework */ = {isa = PBXFileReference; lastKnownFileType = wrapper.framework; name = WebKit.framework; path = System/Library/Frameworks/WebKit.framework; sourceTree = SDKROOT; };
		579C9CDDC6B02847FD6E4D3C /* include_juce_audio_plugin_client_AU_1.mm */ /* include_juce_audio_plugin_client_AU_1.mm */ = {isa = PBXFileReference; lastKnownFileType = sourcecode.cpp.objcpp; name = include_juce_audio_plugin_client_AU_1.mm; path = ../../JuceLibraryCode/include_juce_audio_plugin_client_AU_1.mm; sourceTree = SOURCE_ROOT; };
		58E2E9A18936D723761C4C09 /* juce_cryptography */ /* juce_cryptography */ = {isa = PBXFileReference; lastKnownFileType = folder; name = juce_cryptography; path = /Users/jcba/JUCE/modules/juce_cryptography; sourceTree = "<absolute>"; };
		590E1AB443B58A53A6C0D40D /* JucePluginDefines.h */ /* JucePluginDefines.h */ = {isa = PBXFileReference; lastKnownFileType = sourcecode.c.h; name = JucePluginDefines.h; path = ../../JuceLibraryCode/JucePluginDefines.h; sourceTree = SOURCE_ROOT; };
		5B01B56A9D2F5B6C654460F7 /* genlib_exportfunctions.h */ /* genlib_exportfunctions.h */ = {isa = PBXFileReference; lastKnownFileType = sourcecode.c.h; name = genlib_exportfunctions.h; path = "../../exported-code/gen_dsp/genlib_exportfunctions.h"; sourceTree = SOURCE_ROOT; };
		5B593248FE4DD2617E81FFC3 /* juce_events */ /* juce_events */ = {isa = PBXFileReference; lastKnownFileType = folder; name = juce_events; path = /Users/jcba/JUCE/modules/juce_events; sourceTree = "<absolute>"; };
		5CB0FF6309F818569DA105C0 /* json.h */ /* json.h */ = {isa = PBXFileReference; lastKnownFileType = sourcecode.c.h; name = json.h; path = "../../exported-code/gen_dsp/json.h"; sourceTree = SOURCE_ROOT; };
		62E7BF2C2850701A63E1EECB /* CoreMIDI.framework */ /* CoreMIDI.framework */ = {isa = PBXFileReference; lastKnownFileType = wrapper.framework; name = CoreMIDI.framework; path = System/Library/Frameworks/CoreMIDI.framework; sourceTree = SDKROOT; };
		63C3491A1A06978308D614AB /* genlib_common.h */ /* genlib_common.h */ = {isa = PBXFileReference; lastKnownFileType = sourcecode.c.h; name = genlib_common.h; path = "../../exported-code/gen_dsp/genlib_common.h"; sourceTree = SOURCE_ROOT; };
		695B7CAC86FA1ACBB6000ABC /* morado.jpg */ /* morado.jpg */ = {isa = PBXFileReference; lastKnownFileType = image.jpeg; name = morado.jpg; path = ../../Assets/morado.jpg; sourceTree = SOURCE_ROOT; };
		69BB39E9A9B5BD5ED68D72DB /* juce_data_structures */ /* juce_data_structures */ = {isa = PBXFileReference; lastKnownFileType = folder; name = juce_data_structures; path = /Users/jcba/JUCE/modules/juce_data_structures; sourceTree = "<absolute>"; };
		6A38F141911742C801AE1122 /* json_builder.c */ /* json_builder.c */ = {isa = PBXFileReference; lastKnownFileType = sourcecode.c.c; name = json_builder.c; path = "../../exported-code/gen_dsp/json_builder.c"; sourceTree = SOURCE_ROOT; };
		6CCE99F34C8511AD4F0813F9 /* include_juce_audio_plugin_client_VST_utils.mm */ /* include_juce_audio_plugin_client_VST_utils.mm */ = {isa = PBXFileReference; lastKnownFileType = sourcecode.cpp.objcpp; name = include_juce_audio_plugin_client_VST_utils.mm; path = ../../JuceLibraryCode/include_juce_audio_plugin_client_VST_utils.mm; sourceTree = SOURCE_ROOT; };
		6E266FD559908665C54668D4 /* genlib.cpp */ /* genlib.cpp */ = {isa = PBXFileReference; lastKnownFileType = sourcecode.cpp.cpp; name = genlib.cpp; path = "../../exported-code/gen_dsp/genlib.cpp"; sourceTree = SOURCE_ROOT; };
		6E55D6E70E97D6FAE5132593 /* include_juce_data_structures.mm */ /* include_juce_data_structures.mm */ = {isa = PBXFileReference; lastKnownFileType = sourcecode.cpp.objcpp; name = include_juce_data_structures.mm; path = ../../JuceLibraryCode/include_juce_data_structures.mm; sourceTree = SOURCE_ROOT; };
		761B2135703FE4B335F7B37A /* include_juce_dsp.mm */ /* include_juce_dsp.mm */ = {isa = PBXFileReference; lastKnownFileType = sourcecode.cpp.objcpp; name = include_juce_dsp.mm; path = ../../JuceLibraryCode/include_juce_dsp.mm; sourceTree = SOURCE_ROOT; };
		77C68CAB008AE6D476C9B667 /* juce_audio_formats */ /* juce_audio_formats */ = {isa = PBXFileReference; lastKnownFileType = folder; name = juce_audio_formats; path = /Users/jcba/JUCE/modules/juce_audio_formats; sourceTree = "<absolute>"; };
		78E503FA475519191EC0B8FD /* juce_graphics */ /* juce_graphics */ = {isa = PBXFileReference; lastKnownFileType = folder; name = juce_graphics; path = /Users/jcba/JUCE/modules/juce_graphics; sourceTree = "<absolute>"; };
		7C161C776A935309860D01F4 /* BinaryData.h */ /* BinaryData.h */ = {isa = PBXFileReference; lastKnownFileType = sourcecode.c.h; name = BinaryData.h; path = ../../JuceLibraryCode/BinaryData.h; sourceTree = SOURCE_ROOT; };
		7C61F33466BFFF29F45204C6 /* genlib_ops.h */ /* genlib_ops.h */ = {isa = PBXFileReference; lastKnownFileType = sourcecode.c.h; name = genlib_ops.h; path = "../../exported-code/gen_dsp/genlib_ops.h"; sourceTree = SOURCE_ROOT; };
		7DD59B168049BFC2B064D7AD /* genlib_common_win.h */ /* genlib_common_win.h */ = {isa = PBXFileReference; lastKnownFileType = sourcecode.c.h; name = genlib_common_win.h; path = "../../exported-code/gen_dsp/genlib_common_win.h"; sourceTree = SOURCE_ROOT; };
		7E9228E27386B6B6A89130F6 /* include_juce_gui_basics.mm */ /* include_juce_gui_basics.mm */ = {isa = PBXFileReference; lastKnownFileType = sourcecode.cpp.objcpp; name = include_juce_gui_basics.mm; path = ../../JuceLibraryCode/include_juce_gui_basics.mm; sourceTree = SOURCE_ROOT; };
		81FD589DEEFEDD70043F950A /* Shared Code */ = {isa = PBXFileReference; explicitFileType = archive.ar; includeInIndex = 0; path = libJCBReverbST.a; sourceTree = BUILT_PRODUCTS_DIR; };
		83D1A27418F9E1E36A05F7DC /* include_juce_video.mm */ /* include_juce_video.mm */ = {isa = PBXFileReference; lastKnownFileType = sourcecode.cpp.objcpp; name = include_juce_video.mm; path = ../../JuceLibraryCode/include_juce_video.mm; sourceTree = SOURCE_ROOT; };
		858F5545DCF33D764AB940DE /* Info-AAX.plist */ /* Info-AAX.plist */ = {isa = PBXFileReference; lastKnownFileType = text.plist.xml; name = "Info-AAX.plist"; path = "Info-AAX.plist"; sourceTree = SOURCE_ROOT; };
		890C61E1E9B32A3B0C90FF5B /* AppConfig.h */ /* AppConfig.h */ = {isa = PBXFileReference; lastKnownFileType = sourcecode.c.h; name = AppConfig.h; path = ../../JuceLibraryCode/AppConfig.h; sourceTree = SOURCE_ROOT; };
		8AD81CA995642F817E45CD4E /* include_juce_audio_plugin_client_AAX.mm */ /* include_juce_audio_plugin_client_AAX.mm */ = {isa = PBXFileReference; lastKnownFileType = sourcecode.cpp.objcpp; name = include_juce_audio_plugin_client_AAX.mm; path = ../../JuceLibraryCode/include_juce_audio_plugin_client_AAX.mm; sourceTree = SOURCE_ROOT; };
		8C9DB39131A5B416A02E97B0 /* fondo_700_200.png */ /* fondo_700_200.png */ = {isa = PBXFileReference; lastKnownFileType = image.png; name = fondo_700_200.png; path = ../../Assets/fondo_700_200.png; sourceTree = SOURCE_ROOT; };
		8D13B2AA4424A6A24105AB81 /* JC_GENPLUGIN.h */ /* JC_GENPLUGIN.h */ = {isa = PBXFileReference; lastKnownFileType = sourcecode.c.h; name = JC_GENPLUGIN.h; path = "../../exported-code/JC_GENPLUGIN.h"; sourceTree = SOURCE_ROOT; };
		8F955F0E5987EF27BA1430E3 /* juce_core */ /* juce_core */ = {isa = PBXFileReference; lastKnownFileType = folder; name = juce_core; path = /Users/jcba/JUCE/modules/juce_core; sourceTree = "<absolute>"; };
		907B2366FD58472189D8D2A7 /* Accelerate.framework */ /* Accelerate.framework */ = {isa = PBXFileReference; lastKnownFileType = wrapper.framework; name = Accelerate.framework; path = System/Library/Frameworks/Accelerate.framework; sourceTree = SDKROOT; };
		92D10B3D11E437C6E2C01006 /* include_juce_audio_basics.mm */ /* include_juce_audio_basics.mm */ = {isa = PBXFileReference; lastKnownFileType = sourcecode.cpp.objcpp; name = include_juce_audio_basics.mm; path = ../../JuceLibraryCode/include_juce_audio_basics.mm; sourceTree = SOURCE_ROOT; };
		96C2153A0D249BB768F5207E /* RecentFilesMenuTemplate.nib */ /* RecentFilesMenuTemplate.nib */ = {isa = PBXFileReference; lastKnownFileType = file.nib; name = RecentFilesMenuTemplate.nib; path = RecentFilesMenuTemplate.nib; sourceTree = SOURCE_ROOT; };
		9847DBC03EA03DA3D375C910 /* include_juce_audio_plugin_client_VST3.cpp */ /* include_juce_audio_plugin_client_VST3.cpp */ = {isa = PBXFileReference; lastKnownFileType = sourcecode.cpp.cpp; name = include_juce_audio_plugin_client_VST3.cpp; path = ../../JuceLibraryCode/include_juce_audio_plugin_client_VST3.cpp; sourceTree = SOURCE_ROOT; };
		9995E1BC9E2882912DAD22A4 /* PluginEditor.h */ /* PluginEditor.h */ = {isa = PBXFileReference; lastKnownFileType = sourcecode.c.h; name = PluginEditor.h; path = ../../Source/PluginEditor.h; sourceTree = SOURCE_ROOT; };
		A4BBB52C258C0C66C1818DDD /* CoreMedia.framework */ /* CoreMedia.framework */ = {isa = PBXFileReference; lastKnownFileType = wrapper.framework; name = CoreMedia.framework; path = System/Library/Frameworks/CoreMedia.framework; sourceTree = SDKROOT; };
		A7FE0A0D0310BA3264FC7A72 /* background_700_200.jpg */ /* background_700_200.jpg */ = {isa = PBXFileReference; lastKnownFileType = image.jpeg; name = background_700_200.jpg; path = ../../Assets/background_700_200.jpg; sourceTree = SOURCE_ROOT; };
		AD014CE74D94AEFBBDF9D47B /* Carbon.framework */ /* Carbon.framework */ = {isa = PBXFileReference; lastKnownFileType = wrapper.framework; name = Carbon.framework; path = System/Library/Frameworks/Carbon.framework; sourceTree = SDKROOT; };
		ADB96263C74C1D36F1D6ACF4 /* VST3 */ = {isa = PBXFileReference; explicitFileType = wrapper.cfbundle; includeInIndex = 0; path = JCBReverbST.vst3; sourceTree = BUILT_PRODUCTS_DIR; };
		AF0207AD486A80EA46D8D5CE /* OpenGL.framework */ /* OpenGL.framework */ = {isa = PBXFileReference; lastKnownFileType = wrapper.framework; name = OpenGL.framework; path = System/Library/Frameworks/OpenGL.framework; sourceTree = SDKROOT; };
		B0CE7AA967E0BFBC0A64A320 /* juce_audio_processors */ /* juce_audio_processors */ = {isa = PBXFileReference; lastKnownFileType = folder; name = juce_audio_processors; path = /Users/jcba/JUCE/modules/juce_audio_processors; sourceTree = "<absolute>"; };
		B5DC2127A7B6C47DBB174165 /* CoreAudioKit.framework */ /* CoreAudioKit.framework */ = {isa = PBXFileReference; lastKnownFileType = wrapper.framework; name = CoreAudioKit.framework; path = System/Library/Frameworks/CoreAudioKit.framework; sourceTree = SDKROOT; };
		B8BE861C3B4AE1100B54599E /* include_juce_audio_utils.mm */ /* include_juce_audio_utils.mm */ = {isa = PBXFileReference; lastKnownFileType = sourcecode.cpp.objcpp; name = include_juce_audio_utils.mm; path = ../../JuceLibraryCode/include_juce_audio_utils.mm; sourceTree = SOURCE_ROOT; };
		B9372B14BD6CE4DB81D3B4F3 /* AVKit.framework */ /* AVKit.framework */ = {isa = PBXFileReference; lastKnownFileType = wrapper.framework; name = AVKit.framework; path = System/Library/Frameworks/AVKit.framework; sourceTree = SDKROOT; };
		BF68F212FAD7C0ABA741B975 /* fondo_1400_400.png */ /* fondo_1400_400.png */ = {isa = PBXFileReference; lastKnownFileType = image.png; name = fondo_1400_400.png; path = ../../Assets/fondo_1400_400.png; sourceTree = SOURCE_ROOT; };
		CC284027AA16C35CF4B999E6 /* include_juce_audio_processors.mm */ /* include_juce_audio_processors.mm */ = {isa = PBXFileReference; lastKnownFileType = sourcecode.cpp.objcpp; name = include_juce_audio_processors.mm; path = ../../JuceLibraryCode/include_juce_audio_processors.mm; sourceTree = SOURCE_ROOT; };
		CC5FA65AE1728034399AB71A /* juce_audio_plugin_client */ /* juce_audio_plugin_client */ = {isa = PBXFileReference; lastKnownFileType = folder; name = juce_audio_plugin_client; path = /Users/jcba/JUCE/modules/juce_audio_plugin_client; sourceTree = "<absolute>"; };
		CE624EC3792FE048F3FF4DF7 /* Cocoa.framework */ /* Cocoa.framework */ = {isa = PBXFileReference; lastKnownFileType = wrapper.framework; name = Cocoa.framework; path = System/Library/Frameworks/Cocoa.framework; sourceTree = SDKROOT; };
		CE65287D0857CB10A18C0EB6 /* juce_opengl */ /* juce_opengl */ = {isa = PBXFileReference; lastKnownFileType = folder; name = juce_opengl; path = /Users/jcba/JUCE/modules/juce_opengl; sourceTree = "<absolute>"; };
		D144920EFF69372E85F17013 /* solo_fondo_700_227.png */ /* solo_fondo_700_227.png */ = {isa = PBXFileReference; lastKnownFileType = image.png; name = solo_fondo_700_227.png; path = ../../Assets/solo_fondo_700_227.png; sourceTree = SOURCE_ROOT; };
		D25598DEBD4D9700D61646EC /* juce_audio_devices */ /* juce_audio_devices */ = {isa = PBXFileReference; lastKnownFileType = folder; name = juce_audio_devices; path = /Users/jcba/JUCE/modules/juce_audio_devices; sourceTree = "<absolute>"; };
		D37574D16EF900BADD7C43E6 /* genlib_platform.h */ /* genlib_platform.h */ = {isa = PBXFileReference; lastKnownFileType = sourcecode.c.h; name = genlib_platform.h; path = "../../exported-code/gen_dsp/genlib_platform.h"; sourceTree = SOURCE_ROOT; };
		D3E08FC6502D968D3778770D /* juce_video */ /* juce_video */ = {isa = PBXFileReference; lastKnownFileType = folder; name = juce_video; path = /Users/jcba/JUCE/modules/juce_video; sourceTree = "<absolute>"; };
		D91BB836D73D0BD28A72B299 /* include_juce_graphics.mm */ /* include_juce_graphics.mm */ = {isa = PBXFileReference; lastKnownFileType = sourcecode.cpp.objcpp; name = include_juce_graphics.mm; path = ../../JuceLibraryCode/include_juce_graphics.mm; sourceTree = SOURCE_ROOT; };
		DB2E7BC837DD3FB67479BA3E /* juce_gui_basics */ /* juce_gui_basics */ = {isa = PBXFileReference; lastKnownFileType = folder; name = juce_gui_basics; path = /Users/jcba/JUCE/modules/juce_gui_basics; sourceTree = "<absolute>"; };
		DDEC94C046D2820BCBF93162 /* Foundation.framework */ /* Foundation.framework */ = {isa = PBXFileReference; lastKnownFileType = wrapper.framework; name = Foundation.framework; path = System/Library/Frameworks/Foundation.framework; sourceTree = SDKROOT; };
		DF04407ECD1E46D379489CFD /* include_juce_opengl.mm */ /* include_juce_opengl.mm */ = {isa = PBXFileReference; lastKnownFileType = sourcecode.cpp.objcpp; name = include_juce_opengl.mm; path = ../../JuceLibraryCode/include_juce_opengl.mm; sourceTree = SOURCE_ROOT; };
		E004C944ABAF58D79B14EE10 /* juce_dsp */ /* juce_dsp */ = {isa = PBXFileReference; lastKnownFileType = folder; name = juce_dsp; path = /Users/jcba/JUCE/modules/juce_dsp; sourceTree = "<absolute>"; };
		E4304767A2AD0F0D61458FBB /* QuartzCore.framework */ /* QuartzCore.framework */ = {isa = PBXFileReference; lastKnownFileType = wrapper.framework; name = QuartzCore.framework; path = System/Library/Frameworks/QuartzCore.framework; sourceTree = SDKROOT; };
		E69CBA5FE1F8FBDF51B7087B /* AudioUnit.framework */ /* AudioUnit.framework */ = {isa = PBXFileReference; lastKnownFileType = wrapper.framework; name = AudioUnit.framework; path = System/Library/Frameworks/AudioUnit.framework; sourceTree = SDKROOT; };
		EFCE1F37E2EE056B672A2649 /* juce_audio_utils */ /* juce_audio_utils */ = {isa = PBXFileReference; lastKnownFileType = folder; name = juce_audio_utils; path = /Users/jcba/JUCE/modules/juce_audio_utils; sourceTree = "<absolute>"; };
		F0AB1FC9C67542DCB9AFF44C /* AU */ = {isa = PBXFileReference; explicitFileType = wrapper.cfbundle; includeInIndex = 0; path = JCBReverbST.component; sourceTree = BUILT_PRODUCTS_DIR; };
		F1685220648F7BED52369495 /* include_juce_events.mm */ /* include_juce_events.mm */ = {isa = PBXFileReference; lastKnownFileType = sourcecode.cpp.objcpp; name = include_juce_events.mm; path = ../../JuceLibraryCode/include_juce_events.mm; sourceTree = SOURCE_ROOT; };
		F38A230AAC70AFC16B834050 /* PluginProcessor.cpp */ /* PluginProcessor.cpp */ = {isa = PBXFileReference; lastKnownFileType = sourcecode.cpp.cpp; name = PluginProcessor.cpp; path = ../../Source/PluginProcessor.cpp; sourceTree = SOURCE_ROOT; };
		F4A34C3E403ECB5D72715DA5 /* PluginEditor.cpp */ /* PluginEditor.cpp */ = {isa = PBXFileReference; lastKnownFileType = sourcecode.cpp.cpp; name = PluginEditor.cpp; path = ../../Source/PluginEditor.cpp; sourceTree = SOURCE_ROOT; };
		F992AD1D7FE9FE0B04F6FD29 /* juce_audio_basics */ /* juce_audio_basics */ = {isa = PBXFileReference; lastKnownFileType = folder; name = juce_audio_basics; path = /Users/jcba/JUCE/modules/juce_audio_basics; sourceTree = "<absolute>"; };
		FC0D511F33A9E4F5B727D325 /* include_juce_cryptography.mm */ /* include_juce_cryptography.mm */ = {isa = PBXFileReference; lastKnownFileType = sourcecode.cpp.objcpp; name = include_juce_cryptography.mm; path = ../../JuceLibraryCode/include_juce_cryptography.mm; sourceTree = SOURCE_ROOT; };
		FEC4CA2A5C12F8B483981475 /* include_juce_audio_formats.mm */ /* include_juce_audio_formats.mm */ = {isa = PBXFileReference; lastKnownFileType = sourcecode.cpp.objcpp; name = include_juce_audio_formats.mm; path = ../../JuceLibraryCode/include_juce_audio_formats.mm; sourceTree = SOURCE_ROOT; };
/* End PBXFileReference section */

/* Begin PBXFrameworksBuildPhase section */
		567661A6D6B5B1B907E22D37 = {
			isa = PBXFrameworksBuildPhase;
			buildActionMask = 2147483647;
			files = (
				2BBB77669293E1484F673786,
				37A3B39ED3B5AE0ED2FEBB79,
				14B052226A4A3629735F04ED,
				4632F38931BA7C4C3925E4F9,
				A201BB64C591F6E5D19A9F96,
				E13CC931BEADF29CEDF28407,
				33BFDE5A485FF2DFF5DA5377,
				8143AB85EDB5F94A184BA151,
				3432930231C395B0134CB0FB,
				0436202D19DFF9BDDFDFBB96,
				75A096F973644F6747797F47,
				2C2DB540858B959222792E85,
				EF8249A5F077356D83F1564B,
				923949BBA63C1FCF8ECFDD05,
				8BD92A0084E517745B74B8CE,
				FABFA3B124C20941DFC78E32,
			);
			runOnlyForDeploymentPostprocessing = 0;
		};
		880EAFE2884EE95ABAB66E46 = {
			isa = PBXFrameworksBuildPhase;
			buildActionMask = 2147483647;
			files = (
				1D449D9EB74F76CE904BE2DC,
				2BBB77669293E1484F673786,
				37A3B39ED3B5AE0ED2FEBB79,
				14B052226A4A3629735F04ED,
				4632F38931BA7C4C3925E4F9,
				A201BB64C591F6E5D19A9F96,
				E13CC931BEADF29CEDF28407,
				33BFDE5A485FF2DFF5DA5377,
				8143AB85EDB5F94A184BA151,
				3432930231C395B0134CB0FB,
				0436202D19DFF9BDDFDFBB96,
				75A096F973644F6747797F47,
				2C2DB540858B959222792E85,
				EF8249A5F077356D83F1564B,
				923949BBA63C1FCF8ECFDD05,
				8BD92A0084E517745B74B8CE,
				FABFA3B124C20941DFC78E32,
			);
			runOnlyForDeploymentPostprocessing = 0;
		};
		D02CDC152F29C47F50960A74 = {
			isa = PBXFrameworksBuildPhase;
			buildActionMask = 2147483647;
			files = (
				2BBB77669293E1484F673786,
				37A3B39ED3B5AE0ED2FEBB79,
				14B052226A4A3629735F04ED,
				4632F38931BA7C4C3925E4F9,
				A201BB64C591F6E5D19A9F96,
				E13CC931BEADF29CEDF28407,
				33BFDE5A485FF2DFF5DA5377,
				8143AB85EDB5F94A184BA151,
				3432930231C395B0134CB0FB,
				0436202D19DFF9BDDFDFBB96,
				75A096F973644F6747797F47,
				2C2DB540858B959222792E85,
				EF8249A5F077356D83F1564B,
				923949BBA63C1FCF8ECFDD05,
				8BD92A0084E517745B74B8CE,
				FABFA3B124C20941DFC78E32,
			);
			runOnlyForDeploymentPostprocessing = 0;
		};
/* End PBXFrameworksBuildPhase section */

/* Begin PBXGroup section */
		0D984B3AE9FEDDE97599233E /* Frameworks */ = {
			isa = PBXGroup;
			children = (
				E69CBA5FE1F8FBDF51B7087B,
				907B2366FD58472189D8D2A7,
				3B09EF05876B1EED49B30456,
				1F20FDCB7A7C84AE131314B1,
				B9372B14BD6CE4DB81D3B4F3,
				AD014CE74D94AEFBBDF9D47B,
				CE624EC3792FE048F3FF4DF7,
				4F7497EBBF87A3A921FF0008,
				B5DC2127A7B6C47DBB174165,
				A4BBB52C258C0C66C1818DDD,
				62E7BF2C2850701A63E1EECB,
				2EA39DE19CAFED1101F3054B,
				DDEC94C046D2820BCBF93162,
				2C3837CF2631E170522DDFEC,
				AF0207AD486A80EA46D8D5CE,
				E4304767A2AD0F0D61458FBB,
				552C7A526A99DF4A196D7D48,
			);
			name = Frameworks;
			sourceTree = "<group>";
		};
		35F8F9C95AEFB09C14986B55 /* Resources */ = {
			isa = PBXGroup;
			children = (
				38A06CD34F6BDBCC06156D7E,
				858F5545DCF33D764AB940DE,
				2C6CEC01BCCD5C5322E0B09E,
				96C2153A0D249BB768F5207E,
			);
			name = Resources;
			sourceTree = "<group>";
		};
		40289C15912BCA9408BDBC96 /* Assets */ = {
			isa = PBXGroup;
			children = (
				107E87CC41458AB51808E7A6,
				695B7CAC86FA1ACBB6000ABC,
				00F20978C48EBA636B4E3076,
				8C9DB39131A5B416A02E97B0,
				BF68F212FAD7C0ABA741B975,
				20256DE73081A1030A48A4C6,
				A7FE0A0D0310BA3264FC7A72,
				D144920EFF69372E85F17013,
			);
			name = Assets;
			sourceTree = "<group>";
		};
		5AE09BB3C9A2722CF2A3325F /* JUCE Library Code */ = {
			isa = PBXGroup;
			children = (
				890C61E1E9B32A3B0C90FF5B,
				24FC284927856804F2A3FB6F,
				7C161C776A935309860D01F4,
				92D10B3D11E437C6E2C01006,
				2FBC6E65AB628F7623A92C2E,
				FEC4CA2A5C12F8B483981475,
				8AD81CA995642F817E45CD4E,
				266E594267201C6DDF91B28A,
				579C9CDDC6B02847FD6E4D3C,
				2735B88166991FD54CBB7BEC,
				35E7D352187BFC930E7573C9,
				6CCE99F34C8511AD4F0813F9,
				9847DBC03EA03DA3D375C910,
				CC284027AA16C35CF4B999E6,
				B8BE861C3B4AE1100B54599E,
				1501462AC105DB9019047DB4,
				FC0D511F33A9E4F5B727D325,
				6E55D6E70E97D6FAE5132593,
				761B2135703FE4B335F7B37A,
				F1685220648F7BED52369495,
				D91BB836D73D0BD28A72B299,
				7E9228E27386B6B6A89130F6,
				25EA3A3F0A9E183E0F7A496C,
				DF04407ECD1E46D379489CFD,
				83D1A27418F9E1E36A05F7DC,
				2B8DCCADA5D7CA1281259E9D,
				590E1AB443B58A53A6C0D40D,
			);
			name = "JUCE Library Code";
			sourceTree = "<group>";
		};
		657BD49EBDE6DB1EBD2C35CB /* Source */ = {
			isa = PBXGroup;
			children = (
				F4A34C3E403ECB5D72715DA5,
				9995E1BC9E2882912DAD22A4,
				F38A230AAC70AFC16B834050,
				2FCCF185A8EBFD8E2A0F71B2,
			);
			name = Source;
			sourceTree = "<group>";
		};
		710DB339FBF58C5163B12795 /* Source */ = {
			isa = PBXGroup;
			children = (
				F5B70A7D5CC48658B0BB58D1,
				EEE9855D62A859F0A21671CD,
				5AE09BB3C9A2722CF2A3325F,
				35F8F9C95AEFB09C14986B55,
				0D984B3AE9FEDDE97599233E,
				BC0597D19F8D59C2A03B277C,
			);
			name = Source;
			sourceTree = "<group>";
		};
		88AB32C6D15CDCBFA66EF879 /* exported-code */ = {
			isa = PBXGroup;
			children = (
				88B23086CFDF6BB5B9D2B675,
				0D313220CB391A060CFCA52C,
				8D13B2AA4424A6A24105AB81,
			);
			name = "exported-code";
			sourceTree = "<group>";
		};
		88B23086CFDF6BB5B9D2B675 /* gen_dsp */ = {
			isa = PBXGroup;
			children = (
				6E266FD559908665C54668D4,
				22BC1994B8CFE7EEE65BDCF4,
				63C3491A1A06978308D614AB,
				7DD59B168049BFC2B064D7AD,
				5B01B56A9D2F5B6C654460F7,
				7C61F33466BFFF29F45204C6,
				D37574D16EF900BADD7C43E6,
				25A5057F9A9C9FAC5C8B4002,
				5CB0FF6309F818569DA105C0,
				6A38F141911742C801AE1122,
				47A4A5F50BA1418BB8630ECF,
			);
			name = gen_dsp;
			sourceTree = "<group>";
		};
		BC0597D19F8D59C2A03B277C /* Products */ = {
			isa = PBXGroup;
			children = (
				ADB96263C74C1D36F1D6ACF4,
				0C90558E59020D6C349E8D6B,
				F0AB1FC9C67542DCB9AFF44C,
				81FD589DEEFEDD70043F950A,
			);
			name = Products;
			sourceTree = "<group>";
		};
		EEE9855D62A859F0A21671CD /* JUCE Modules */ = {
			isa = PBXGroup;
			children = (
				F992AD1D7FE9FE0B04F6FD29,
				D25598DEBD4D9700D61646EC,
				77C68CAB008AE6D476C9B667,
				CC5FA65AE1728034399AB71A,
				B0CE7AA967E0BFBC0A64A320,
				EFCE1F37E2EE056B672A2649,
				8F955F0E5987EF27BA1430E3,
				58E2E9A18936D723761C4C09,
				69BB39E9A9B5BD5ED68D72DB,
				E004C944ABAF58D79B14EE10,
				5B593248FE4DD2617E81FFC3,
				78E503FA475519191EC0B8FD,
				DB2E7BC837DD3FB67479BA3E,
				1408C094DB1BB2FD33E9FFC5,
				CE65287D0857CB10A18C0EB6,
				D3E08FC6502D968D3778770D,
			);
			name = "JUCE Modules";
			sourceTree = "<group>";
		};
		F5B70A7D5CC48658B0BB58D1 /* JCBReverbST */ = {
			isa = PBXGroup;
			children = (
				88AB32C6D15CDCBFA66EF879,
				657BD49EBDE6DB1EBD2C35CB,
				40289C15912BCA9408BDBC96,
			);
			name = JCBReverbST;
			sourceTree = "<group>";
		};
/* End PBXGroup section */

/* Begin PBXNativeTarget section */
		2955AB6AFA76A796365690DB /* JCBReverbST - VST3 */ = {
			isa = PBXNativeTarget;
			buildConfigurationList = 09B2C46AF98B234F67561168;
			buildPhases = (
				DFD069355123C4075F059E5C,
				C90B961F48ED3D285368D629,
				567661A6D6B5B1B907E22D37,
			);
			buildRules = (
			);
			dependencies = (
				A45ACB0DFBBDFBDA0B76F50F,
			);
			name = "JCBReverbST - VST3";
			productName = JCBReverbST;
			productReference = ADB96263C74C1D36F1D6ACF4;
			productType = "com.apple.product-type.bundle";
		};
		3675233DD7892E449B43E44D /* JCBReverbST - Shared Code */ = {
			isa = PBXNativeTarget;
			buildConfigurationList = 94C41A4C92DFC02F51054D51;
			buildPhases = (
				A9EB2CFE252D90685B28B434,
			);
			buildRules = (
			);
			dependencies = (
			);
			name = "JCBReverbST - Shared Code";
			productName = JCBReverbST;
			productReference = 81FD589DEEFEDD70043F950A;
			productType = "com.apple.product-type.library.static";
		};
		D98864C2A0E5299D47865C96 /* JCBReverbST - AU */ = {
			isa = PBXNativeTarget;
			buildConfigurationList = 6282B9481CA3228A900A7AE3;
			buildPhases = (
				1116F54C837EF0AD03545562,
				065EBDB59A41A9CBA3EF6C69,
				103BF442D728879C84D172DA,
				880EAFE2884EE95ABAB66E46,
			);
			buildRules = (
			);
			dependencies = (
				5868A7667BDA2A7A43D0D139,
			);
			name = "JCBReverbST - AU";
			productName = JCBReverbST;
			productReference = F0AB1FC9C67542DCB9AFF44C;
			productType = "com.apple.product-type.bundle";
		};
		E4005FD0A93A6A6D8415C6EA /* JCBReverbST - AAX */ = {
			isa = PBXNativeTarget;
			buildConfigurationList = BD10941E76C2E907B8AAA845;
			buildPhases = (
				878DE6F972DC383218F90519,
				239841348743AF7DA7872A29,
				D02CDC152F29C47F50960A74,
			);
			buildRules = (
			);
			dependencies = (
				72CA9CFB95D6D49B9F123222,
			);
			name = "JCBReverbST - AAX";
			productName = JCBReverbST;
			productReference = 0C90558E59020D6C349E8D6B;
			productType = "com.apple.product-type.bundle";
		};
/* End PBXNativeTarget section */

/* Begin PBXProject section */
		CE71C994E737358B1E75C8D1 = {
			isa = PBXProject;
			attributes = {
				LastUpgradeCheck = 1320;
				ORGANIZATIONNAME = "Coeval";
				TargetAttributes = {
					2955AB6AFA76A796365690DB = {
						SystemCapabilities = {
							com.apple.ApplicationGroups.iOS = {
								enabled = 0;
							};
							com.apple.HardenedRuntime = {
								enabled = 0;
							};
							com.apple.InAppPurchase = {
								enabled = 0;
							};
							com.apple.InterAppAudio = {
								enabled = 0;
							};
							com.apple.Push = {
								enabled = 0;
							};
							com.apple.Sandbox = {
								enabled = 0;
							};
						};
					};
					366FF180B026FBD5863CF0DB = {
						SystemCapabilities = {
							com.apple.ApplicationGroups.iOS = {
								enabled = 0;
							};
							com.apple.HardenedRuntime = {
								enabled = 0;
							};
							com.apple.InAppPurchase = {
								enabled = 0;
							};
							com.apple.InterAppAudio = {
								enabled = 0;
							};
							com.apple.Push = {
								enabled = 0;
							};
							com.apple.Sandbox = {
								enabled = 0;
							};
						};
					};
					3675233DD7892E449B43E44D = {
						SystemCapabilities = {
							com.apple.ApplicationGroups.iOS = {
								enabled = 0;
							};
							com.apple.HardenedRuntime = {
								enabled = 0;
							};
							com.apple.InAppPurchase = {
								enabled = 0;
							};
							com.apple.InterAppAudio = {
								enabled = 0;
							};
							com.apple.Push = {
								enabled = 0;
							};
							com.apple.Sandbox = {
								enabled = 0;
							};
						};
					};
					D98864C2A0E5299D47865C96 = {
						SystemCapabilities = {
							com.apple.ApplicationGroups.iOS = {
								enabled = 0;
							};
							com.apple.HardenedRuntime = {
								enabled = 0;
							};
							com.apple.InAppPurchase = {
								enabled = 0;
							};
							com.apple.InterAppAudio = {
								enabled = 0;
							};
							com.apple.Push = {
								enabled = 0;
							};
							com.apple.Sandbox = {
								enabled = 0;
							};
						};
					};
					E4005FD0A93A6A6D8415C6EA = {
						SystemCapabilities = {
							com.apple.ApplicationGroups.iOS = {
								enabled = 0;
							};
							com.apple.HardenedRuntime = {
								enabled = 0;
							};
							com.apple.InAppPurchase = {
								enabled = 0;
							};
							com.apple.InterAppAudio = {
								enabled = 0;
							};
							com.apple.Push = {
								enabled = 0;
							};
							com.apple.Sandbox = {
								enabled = 0;
							};
						};
					};
				};
			};
			buildConfigurationList = F71FE2910445A561CCDE52BB;
			compatibilityVersion = "Xcode 3.2";
			hasScannedForEncodings = 0;
			knownRegions = (
				en,
				Base,
			);
			mainGroup = 710DB339FBF58C5163B12795;
			projectDirPath = "";
			projectRoot = "";
			targets = (
				366FF180B026FBD5863CF0DB,
				2955AB6AFA76A796365690DB,
				E4005FD0A93A6A6D8415C6EA,
				D98864C2A0E5299D47865C96,
				3675233DD7892E449B43E44D,
			);
		};
/* End PBXProject section */

/* Begin PBXResourcesBuildPhase section */
		1116F54C837EF0AD03545562 = {
			isa = PBXResourcesBuildPhase;
			buildActionMask = 2147483647;
			files = (
				84153098A726CBD9AB434CC8,
			);
			runOnlyForDeploymentPostprocessing = 0;
		};
		878DE6F972DC383218F90519 = {
			isa = PBXResourcesBuildPhase;
			buildActionMask = 2147483647;
			files = (
				84153098A726CBD9AB434CC8,
			);
			runOnlyForDeploymentPostprocessing = 0;
		};
		DFD069355123C4075F059E5C = {
			isa = PBXResourcesBuildPhase;
			buildActionMask = 2147483647;
			files = (
				84153098A726CBD9AB434CC8,
			);
			runOnlyForDeploymentPostprocessing = 0;
		};
/* End PBXResourcesBuildPhase section */

/* Begin PBXRezBuildPhase section */
		065EBDB59A41A9CBA3EF6C69 = {
			isa = PBXRezBuildPhase;
			buildActionMask = 2147483647;
			files = (
				0675FFFDA52F200A8BC60B45,
			);
			runOnlyForDeploymentPostprocessing = 0;
		};
/* End PBXRezBuildPhase section */

/* Begin PBXSourcesBuildPhase section */
		103BF442D728879C84D172DA = {
			isa = PBXSourcesBuildPhase;
			buildActionMask = 2147483647;
			files = (
				A1588F9D10C27BDE89D8DBE0,
				0613F9B8EFA5C61CE1572724,
			);
			runOnlyForDeploymentPostprocessing = 0;
		};
		239841348743AF7DA7872A29 = {
			isa = PBXSourcesBuildPhase;
			buildActionMask = 2147483647;
			files = (
				7F75CBC6CF2E769E816FB656,
			);
			runOnlyForDeploymentPostprocessing = 0;
		};
		A9EB2CFE252D90685B28B434 = {
			isa = PBXSourcesBuildPhase;
			buildActionMask = 2147483647;
			files = (
				B3C156E19101F3655D47447B,
				0B38D074B43E80A21006E155,
				5C2549B0F5E3104E4B6BA9AF,
				A2EBA5C26FDD301F18268852,
				D2DB4DCBCD8102CE684A4CC5,
				3481D179CBAA183809FF3B3A,
				C5216BE2AFF9DADBBF2BB9CA,
				9DAD49AC9BAF9EF05C95C029,
				38A2F5C2994F33099B8B58DA,
				B9F10E141F4579522746F80D,
				31154CF01EB66DFA69FAEA65,
				C2AB70EFCAF351E8EC2BD6B2,
				2B06C726FCA005AA14A8BE81,
				7EAEC73FBB054DE34D80F533,
				43AD236B8CC33F22BA3EDBB4,
				F55E1516AA4B042D8BAA3FC7,
				2E003B6D4986851116E259C2,
				E360B63D54B37A6C3F27B379,
				CB5C1B099F18B06D8C13AFA0,
				01CF89CE7555B9A499207986,
				913B5546156EBEAA62CFAE3D,
				9FB24B29E6AC6D90ECE33D24,
				BB82F2DA635FDA3C172190F0,
				4AE798F984509E1C3E116D63,
			);
			runOnlyForDeploymentPostprocessing = 0;
		};
		C90B961F48ED3D285368D629 = {
			isa = PBXSourcesBuildPhase;
			buildActionMask = 2147483647;
			files = (
				377456337E857027344F859D,
			);
			runOnlyForDeploymentPostprocessing = 0;
		};
/* End PBXSourcesBuildPhase section */

/* Begin PBXTargetDependency section */
		0A39E7F63019E2DE4873206F = {
			isa = PBXTargetDependency;
			target = D98864C2A0E5299D47865C96;
		};
		5868A7667BDA2A7A43D0D139 = {
			isa = PBXTargetDependency;
			target = 3675233DD7892E449B43E44D;
		};
		69EA949105B71BD2886B92FC = {
			isa = PBXTargetDependency;
			target = 3675233DD7892E449B43E44D;
		};
		69EBBD04A6708F2F2F45EECA = {
			isa = PBXTargetDependency;
			target = 2955AB6AFA76A796365690DB;
		};
		72CA9CFB95D6D49B9F123222 = {
			isa = PBXTargetDependency;
			target = 3675233DD7892E449B43E44D;
		};
		A45ACB0DFBBDFBDA0B76F50F = {
			isa = PBXTargetDependency;
			target = 3675233DD7892E449B43E44D;
		};
		E951119AC43989C8B38B84B5 = {
			isa = PBXTargetDependency;
			target = E4005FD0A93A6A6D8415C6EA;
		};
/* End PBXTargetDependency section */

/* Begin XCBuildConfiguration section */
		28D9FDDCAC9DC1CC82282260 /* Release */ = {
			isa = XCBuildConfiguration;
			buildSettings = {
				CLANG_CXX_LANGUAGE_STANDARD = "c++14";
				CLANG_CXX_LIBRARY = "libc++";
				CLANG_LINK_OBJC_RUNTIME = NO;
				CODE_SIGN_IDENTITY = "";
				COMBINE_HIDPI_IMAGES = YES;
				CONFIGURATION_BUILD_DIR = "$(PROJECT_DIR)/build/$(CONFIGURATION)";
				COPY_PHASE_STRIP = NO;
				EXCLUDED_ARCHS = "i386 arm64e";
				GCC_DYNAMIC_NO_PIC = NO;
				GCC_OPTIMIZATION_LEVEL = 3;
				GCC_PREPROCESSOR_DEFINITIONS = (
					"_DEBUG=1",
					"DEBUG=1",
					"JUCER_XCODE_MAC_F6D2F4CF=1",
					"JUCE_APP_VERSION=0.0.10",
					"JUCE_APP_VERSION_HEX=0xa",
					"JucePlugin_Build_VST=0",
					"JucePlugin_Build_VST3=1",
					"JucePlugin_Build_AU=1",
					"JucePlugin_Build_AUv3=0",
					"JucePlugin_Build_RTAS=0",
					"JucePlugin_Build_AAX=1",
					"JucePlugin_Build_Standalone=0",
					"JucePlugin_Build_Unity=0",
					"JUCE_SHARED_CODE=1",
				);
				GCC_VERSION = com.apple.compilers.llvm.clang.1_0;
				HEADER_SEARCH_PATHS = (
					"/Users/jcba/JUCE/modules/juce_audio_processors/format_types/VST3_SDK",
					"\"/Users/jcba/SDKs/VST SDK/vst2sdk\"",
					"$(SRCROOT)/../../JuceLibraryCode",
					"/Users/jcba/SDKs/AAX_SDK",
					"/Users/jcba/SDKs/AAX_SDK/Interfaces",
					"/Users/jcba/SDKs/AAX_SDK/Interfaces/ACF",
					"/Users/jcba/JUCE/modules",
					"/Users/jcba/Documents/JUCE/my_plugins/JCBReverbST/exported-code",
					"/Users/jcba/Documents/JUCE/my_plugins/JCBReverbST/exported-code/gen_dsp",
					"/Users/jcba/JUCE/modules/juce_audio_plugin_client",
					"$(inherited)",
				);
				INSTALL_PATH = "@executable_path/../Frameworks";
				LLVM_LTO = YES;
				MACOSX_DEPLOYMENT_TARGET = 10.11;
				MTL_HEADER_SEARCH_PATHS = "/Users/jcba/JUCE/modules/juce_audio_processors/format_types/VST3_SDK \"/Users/jcba/SDKs/VST SDK/vst2sdk\" $(SRCROOT)/../../JuceLibraryCode /Users/jcba/SDKs/AAX_SDK /Users/jcba/SDKs/AAX_SDK/Interfaces /Users/jcba/SDKs/AAX_SDK/Interfaces/ACF /Users/jcba/JUCE/modules /Users/jcba/Documents/JUCE/my_plugins/JCBReverbST/exported-code /Users/jcba/Documents/JUCE/my_plugins/JCBReverbST/exported-code/gen_dsp /Users/jcba/JUCE/modules/juce_audio_plugin_client";
				PRODUCT_BUNDLE_IDENTIFIER = com.coeval.JCBReverbST;
				PRODUCT_NAME = "JCBReverbST";
				SKIP_INSTALL = YES;
				USE_HEADERMAP = NO;
				VALIDATE_WORKSPACE_SKIPPED_SDK_FRAMEWORKS = OpenGL;
				VALID_ARCHS = "arm64 x86_64";
			};
			name = Release;
		};
		3803909F33583F30E22E6CF1 /* Release */ = {
			isa = XCBuildConfiguration;
			buildSettings = {
				MACOSX_DEPLOYMENT_TARGET = 10.11;
				SDKROOT = macosx;
			};
			name = Release;
		};
		69B6405A7F6330BA858ADAFE /* Release */ = {
			isa = XCBuildConfiguration;
			buildSettings = {
				ALWAYS_SEARCH_USER_PATHS = NO;
				CLANG_ENABLE_OBJC_WEAK = YES;
				CLANG_WARN_BLOCK_CAPTURE_AUTORELEASING = YES;
				CLANG_WARN_BOOL_CONVERSION = YES;
				CLANG_WARN_COMMA = YES;
				CLANG_WARN_CONSTANT_CONVERSION = YES;
				CLANG_WARN_DEPRECATED_OBJC_IMPLEMENTATIONS = YES;
				CLANG_WARN_EMPTY_BODY = YES;
				CLANG_WARN_ENUM_CONVERSION = YES;
				CLANG_WARN_INFINITE_RECURSION = YES;
				CLANG_WARN_INT_CONVERSION = YES;
				CLANG_WARN_NON_LITERAL_NULL_CONVERSION = YES;
				CLANG_WARN_OBJC_IMPLICIT_RETAIN_SELF = YES;
				CLANG_WARN_OBJC_LITERAL_CONVERSION = YES;
				CLANG_WARN_RANGE_LOOP_ANALYSIS = YES;
				CLANG_WARN_STRICT_PROTOTYPES = YES;
				CLANG_WARN_SUSPICIOUS_MOVE = YES;
				CLANG_WARN_UNREACHABLE_CODE = YES;
				CLANG_WARN__DUPLICATE_METHOD_MATCH = YES;
				CODE_SIGN_IDENTITY = "";
				DEBUG_INFORMATION_FORMAT = dwarf;
				ENABLE_STRICT_OBJC_MSGSEND = YES;
				ENABLE_TESTABILITY = NO;
				GCC_C_LANGUAGE_STANDARD = c11;
				GCC_INLINES_ARE_PRIVATE_EXTERN = YES;
				GCC_MODEL_TUNING = G5;
				GCC_NO_COMMON_BLOCKS = YES;
				GCC_SYMBOLS_PRIVATE_EXTERN = YES;
				GCC_WARN_64_TO_32_BIT_CONVERSION = YES;
				GCC_WARN_ABOUT_RETURN_TYPE = YES;
				GCC_WARN_CHECK_SWITCH_STATEMENTS = YES;
				GCC_WARN_MISSING_PARENTHESES = YES;
				GCC_WARN_NON_VIRTUAL_DESTRUCTOR = YES;
				GCC_WARN_TYPECHECK_CALLS_TO_PRINTF = YES;
				GCC_WARN_UNDECLARED_SELECTOR = YES;
				GCC_WARN_UNINITIALIZED_AUTOS = YES;
				GCC_WARN_UNUSED_FUNCTION = YES;
				GCC_WARN_UNUSED_VARIABLE = YES;
				ONLY_ACTIVE_ARCH = YES;
				PRODUCT_NAME = "JCBReverbST";
				SDKROOT = macosx;
				WARNING_CFLAGS = "-Wreorder";
				ZERO_LINK = NO;
			};
			name = Release;
		};
		8583CB8D959B792FCD51DB25 /* Release */ = {
			isa = XCBuildConfiguration;
			buildSettings = {
				CLANG_CXX_LANGUAGE_STANDARD = "c++14";
				CLANG_CXX_LIBRARY = "libc++";
				CLANG_LINK_OBJC_RUNTIME = NO;
				CODE_SIGN_IDENTITY = "";
				COMBINE_HIDPI_IMAGES = YES;
				CONFIGURATION_BUILD_DIR = "$(PROJECT_DIR)/build/$(CONFIGURATION)";
				COPY_PHASE_STRIP = NO;
				DEPLOYMENT_LOCATION = YES;
				DSTROOT = /;
				EXCLUDED_ARCHS = "i386 arm64e";
				GCC_DYNAMIC_NO_PIC = NO;
				GCC_OPTIMIZATION_LEVEL = 3;
				GCC_PREPROCESSOR_DEFINITIONS = (
					"_DEBUG=1",
					"DEBUG=1",
					"JUCER_XCODE_MAC_F6D2F4CF=1",
					"JUCE_APP_VERSION=0.0.10",
					"JUCE_APP_VERSION_HEX=0xa",
					"JucePlugin_Build_VST=0",
					"JucePlugin_Build_VST3=0",
					"JucePlugin_Build_AU=1",
					"JucePlugin_Build_AUv3=0",
					"JucePlugin_Build_RTAS=0",
					"JucePlugin_Build_AAX=0",
					"JucePlugin_Build_Standalone=0",
					"JucePlugin_Build_Unity=0",
				);
				GCC_VERSION = com.apple.compilers.llvm.clang.1_0;
				GENERATE_PKGINFO_FILE = YES;
				HEADER_SEARCH_PATHS = (
					"/Users/jcba/JUCE/modules/juce_audio_processors/format_types/VST3_SDK",
					"\"/Users/jcba/SDKs/VST SDK/vst2sdk\"",
					"$(SRCROOT)/../../JuceLibraryCode",
					"/Users/jcba/SDKs/AAX_SDK",
					"/Users/jcba/SDKs/AAX_SDK/Interfaces",
					"/Users/jcba/SDKs/AAX_SDK/Interfaces/ACF",
					"/Users/jcba/JUCE/modules",
					"/Users/jcba/Documents/JUCE/my_plugins/JCBReverbST/exported-code",
					"/Users/jcba/Documents/JUCE/my_plugins/JCBReverbST/exported-code/gen_dsp",
					"/Users/jcba/JUCE/modules/juce_audio_plugin_client",
					"$(inherited)",
				);
				INFOPLIST_FILE = Info-AU.plist;
				INFOPLIST_PREPROCESS = NO;
				INSTALL_PATH = "$(HOME)/Library/Audio/Plug-Ins/Components/";
				LIBRARY_STYLE = Bundle;
				LLVM_LTO = YES;
				MACOSX_DEPLOYMENT_TARGET = 10.11;
				MTL_HEADER_SEARCH_PATHS = "/Users/jcba/JUCE/modules/juce_audio_processors/format_types/VST3_SDK \"/Users/jcba/SDKs/VST SDK/vst2sdk\" $(SRCROOT)/../../JuceLibraryCode /Users/jcba/SDKs/AAX_SDK /Users/jcba/SDKs/AAX_SDK/Interfaces /Users/jcba/SDKs/AAX_SDK/Interfaces/ACF /Users/jcba/JUCE/modules /Users/jcba/Documents/JUCE/my_plugins/JCBReverbST/exported-code /Users/jcba/Documents/JUCE/my_plugins/JCBReverbST/exported-code/gen_dsp /Users/jcba/JUCE/modules/juce_audio_plugin_client";
				OTHER_LDFLAGS = "-bundle -lJCBReverbST";
				OTHER_REZFLAGS = "-d ppc_$ppc -d i386_$i386 -d ppc64_$ppc64 -d x86_64_$x86_64 -d arm64_$arm64 -I /System/Library/Frameworks/CoreServices.framework/Frameworks/CarbonCore.framework/Versions/A/Headers -I \"$(DEVELOPER_DIR)/Extras/CoreAudio/AudioUnits/AUPublic/AUBase\" -I \"$(DEVELOPER_DIR)/Platforms/MacOSX.platform/Developer/SDKs/MacOSX.sdk/System/Library/Frameworks/AudioUnit.framework/Headers\"";
				PRODUCT_BUNDLE_IDENTIFIER = com.coeval.JCBReverbST;
				PRODUCT_NAME = "JCBReverbST";
				USE_HEADERMAP = NO;
				VALIDATE_WORKSPACE_SKIPPED_SDK_FRAMEWORKS = OpenGL;
				VALID_ARCHS = "arm64 x86_64";
				WRAPPER_EXTENSION = component;
			};
			name = Release;
		};
		CF8698F717B52682DBFBE432 /* Release */ = {
			isa = XCBuildConfiguration;
			buildSettings = {
				CLANG_CXX_LANGUAGE_STANDARD = "c++14";
				CLANG_CXX_LIBRARY = "libc++";
				CLANG_LINK_OBJC_RUNTIME = NO;
				CODE_SIGN_IDENTITY = "";
				COMBINE_HIDPI_IMAGES = YES;
				CONFIGURATION_BUILD_DIR = "$(PROJECT_DIR)/build/$(CONFIGURATION)";
				COPY_PHASE_STRIP = NO;
				DEPLOYMENT_LOCATION = YES;
				DSTROOT = /;
				EXCLUDED_ARCHS = "i386 arm64e";
				GCC_DYNAMIC_NO_PIC = NO;
				GCC_OPTIMIZATION_LEVEL = 3;
				GCC_PREPROCESSOR_DEFINITIONS = (
					"_DEBUG=1",
					"DEBUG=1",
					"JUCER_XCODE_MAC_F6D2F4CF=1",
					"JUCE_APP_VERSION=0.0.10",
					"JUCE_APP_VERSION_HEX=0xa",
					"JucePlugin_Build_VST=0",
					"JucePlugin_Build_VST3=0",
					"JucePlugin_Build_AU=0",
					"JucePlugin_Build_AUv3=0",
					"JucePlugin_Build_RTAS=0",
					"JucePlugin_Build_AAX=1",
					"JucePlugin_Build_Standalone=0",
					"JucePlugin_Build_Unity=0",
				);
				GCC_VERSION = com.apple.compilers.llvm.clang.1_0;
				GENERATE_PKGINFO_FILE = YES;
				HEADER_SEARCH_PATHS = (
					"/Users/jcba/JUCE/modules/juce_audio_processors/format_types/VST3_SDK",
					"\"/Users/jcba/SDKs/VST SDK/vst2sdk\"",
					"$(SRCROOT)/../../JuceLibraryCode",
					"/Users/jcba/SDKs/AAX_SDK",
					"/Users/jcba/SDKs/AAX_SDK/Interfaces",
					"/Users/jcba/SDKs/AAX_SDK/Interfaces/ACF",
					"/Users/jcba/JUCE/modules",
					"/Users/jcba/Documents/JUCE/my_plugins/JCBReverbST/exported-code",
					"/Users/jcba/Documents/JUCE/my_plugins/JCBReverbST/exported-code/gen_dsp",
					"/Users/jcba/JUCE/modules/juce_audio_plugin_client",
					"$(inherited)",
				);
				INFOPLIST_FILE = Info-AAX.plist;
				INFOPLIST_PREPROCESS = NO;
				INSTALL_PATH = "/Applications/Pro Tools Developer/Plug-Ins";
				LIBRARY_SEARCH_PATHS = (
					"$(inherited)",
					"\"/Users/jcba/SDKs/AAX_SDK/Libs/Debug\"",
				);
				LIBRARY_STYLE = Bundle;
				LLVM_LTO = YES;
				MACOSX_DEPLOYMENT_TARGET = 10.11;
				MTL_HEADER_SEARCH_PATHS = "/Users/jcba/JUCE/modules/juce_audio_processors/format_types/VST3_SDK \"/Users/jcba/SDKs/VST SDK/vst2sdk\" $(SRCROOT)/../../JuceLibraryCode /Users/jcba/SDKs/AAX_SDK /Users/jcba/SDKs/AAX_SDK/Interfaces /Users/jcba/SDKs/AAX_SDK/Interfaces/ACF /Users/jcba/JUCE/modules /Users/jcba/Documents/JUCE/my_plugins/JCBReverbST/exported-code /Users/jcba/Documents/JUCE/my_plugins/JCBReverbST/exported-code/gen_dsp /Users/jcba/JUCE/modules/juce_audio_plugin_client";
				OTHER_LDFLAGS = "-bundle -lAAXLibrary_libcpp -lJCBReverbST";
				PRODUCT_BUNDLE_IDENTIFIER = com.coeval.JCBReverbST;
				PRODUCT_NAME = "JCBReverbST";
				USE_HEADERMAP = NO;
				VALIDATE_WORKSPACE_SKIPPED_SDK_FRAMEWORKS = OpenGL;
				VALID_ARCHS = "arm64 x86_64";
				WRAPPER_EXTENSION = aaxplugin;
			};
			name = Release;
		};
		FF0D2C5D5260D1822C71843F /* Release */ = {
			isa = XCBuildConfiguration;
			buildSettings = {
				CLANG_CXX_LANGUAGE_STANDARD = "c++14";
				CLANG_CXX_LIBRARY = "libc++";
				CLANG_LINK_OBJC_RUNTIME = NO;
				CODE_SIGN_IDENTITY = "";
				COMBINE_HIDPI_IMAGES = YES;
				CONFIGURATION_BUILD_DIR = "$(PROJECT_DIR)/build/$(CONFIGURATION)";
				COPY_PHASE_STRIP = NO;
				DEPLOYMENT_LOCATION = YES;
				DSTROOT = /;
				EXCLUDED_ARCHS = "i386 arm64e";
				GCC_DYNAMIC_NO_PIC = NO;
				GCC_OPTIMIZATION_LEVEL = 3;
				GCC_PREPROCESSOR_DEFINITIONS = (
					"_DEBUG=1",
					"DEBUG=1",
					"JUCER_XCODE_MAC_F6D2F4CF=1",
					"JUCE_APP_VERSION=0.0.10",
					"JUCE_APP_VERSION_HEX=0xa",
					"JucePlugin_Build_VST=0",
					"JucePlugin_Build_VST3=1",
					"JucePlugin_Build_AU=0",
					"JucePlugin_Build_AUv3=0",
					"JucePlugin_Build_RTAS=0",
					"JucePlugin_Build_AAX=0",
					"JucePlugin_Build_Standalone=0",
					"JucePlugin_Build_Unity=0",
				);
				GCC_VERSION = com.apple.compilers.llvm.clang.1_0;
				GENERATE_PKGINFO_FILE = YES;
				HEADER_SEARCH_PATHS = (
					"/Users/jcba/JUCE/modules/juce_audio_processors/format_types/VST3_SDK",
					"\"/Users/jcba/SDKs/VST SDK/vst2sdk\"",
					"$(SRCROOT)/../../JuceLibraryCode",
					"/Users/jcba/SDKs/AAX_SDK",
					"/Users/jcba/SDKs/AAX_SDK/Interfaces",
					"/Users/jcba/SDKs/AAX_SDK/Interfaces/ACF",
					"/Users/jcba/JUCE/modules",
					"/Users/jcba/Documents/JUCE/my_plugins/JCBReverbST/exported-code",
					"/Users/jcba/Documents/JUCE/my_plugins/JCBReverbST/exported-code/gen_dsp",
					"/Users/jcba/JUCE/modules/juce_audio_plugin_client",
					"$(inherited)",
				);
				INFOPLIST_FILE = Info-VST3.plist;
				INFOPLIST_PREPROCESS = NO;
				INSTALL_PATH = "$(HOME)/Library/Audio/Plug-Ins/VST3/";
				LIBRARY_STYLE = Bundle;
				LLVM_LTO = YES;
				MACOSX_DEPLOYMENT_TARGET = 10.11;
				MTL_HEADER_SEARCH_PATHS = "/Users/jcba/JUCE/modules/juce_audio_processors/format_types/VST3_SDK \"/Users/jcba/SDKs/VST SDK/vst2sdk\" $(SRCROOT)/../../JuceLibraryCode /Users/jcba/SDKs/AAX_SDK /Users/jcba/SDKs/AAX_SDK/Interfaces /Users/jcba/SDKs/AAX_SDK/Interfaces/ACF /Users/jcba/JUCE/modules /Users/jcba/Documents/JUCE/my_plugins/JCBReverbST/exported-code /Users/jcba/Documents/JUCE/my_plugins/JCBReverbST/exported-code/gen_dsp /Users/jcba/JUCE/modules/juce_audio_plugin_client";
				OTHER_LDFLAGS = "-bundle -lJCBReverbST";
				PRODUCT_BUNDLE_IDENTIFIER = com.coeval.JCBReverbST;
				PRODUCT_NAME = "JCBReverbST";
				USE_HEADERMAP = NO;
				VALIDATE_WORKSPACE_SKIPPED_SDK_FRAMEWORKS = OpenGL;
				VALID_ARCHS = "arm64 x86_64";
				WRAPPER_EXTENSION = vst3;
			};
			name = Release;
		};
/* End XCBuildConfiguration section */

/* Begin XCConfigurationList section */
		09B2C46AF98B234F67561168 = {
			isa = XCConfigurationList;
			buildConfigurations = (
				FF0D2C5D5260D1822C71843F,
			);
			defaultConfigurationIsVisible = 0;
			defaultConfigurationName = Release;
		};
		6282B9481CA3228A900A7AE3 = {
			isa = XCConfigurationList;
			buildConfigurations = (
				8583CB8D959B792FCD51DB25,
			);
			defaultConfigurationIsVisible = 0;
			defaultConfigurationName = Release;
		};
		8DF2BBFACA350EBEC78879F5 = {
			isa = XCConfigurationList;
			buildConfigurations = (
				3803909F33583F30E22E6CF1,
			);
			defaultConfigurationIsVisible = 0;
			defaultConfigurationName = Release;
		};
		94C41A4C92DFC02F51054D51 = {
			isa = XCConfigurationList;
			buildConfigurations = (
				28D9FDDCAC9DC1CC82282260,
			);
			defaultConfigurationIsVisible = 0;
			defaultConfigurationName = Release;
		};
		BD10941E76C2E907B8AAA845 = {
			isa = XCConfigurationList;
			buildConfigurations = (
				CF8698F717B52682DBFBE432,
			);
			defaultConfigurationIsVisible = 0;
			defaultConfigurationName = Release;
		};
		F71FE2910445A561CCDE52BB = {
			isa = XCConfigurationList;
			buildConfigurations = (
				69B6405A7F6330BA858ADAFE,
			);
			defaultConfigurationIsVisible = 0;
			defaultConfigurationName = Release;
		};
/* End XCConfigurationList section */
	};
	rootObject = CE71C994E737358B1E75C8D1 /* Project object */;
}
